<?xml version="1.0" encoding="UTF-8" standalone="yes" ?>
<CodeBlocks_project_file>
	<FileVersion major="1" minor="6" />
	<Project>
		<Option title="ember" />
		<Option pch_mode="2" />
		<Option compiler="gcc" />
		<Build>
			<Target title="Debug">
				<Option output="bin\Debug\ember.exe" prefix_auto="0" extension_auto="0" />
				<Option object_output="obj\Debug\" />
				<Option type="1" />
				<Option compiler="gcc" />
				<Compiler>
					<Add option="-g" />
					<Add option="-D_DEBUG" />
				</Compiler>
				<Linker>
					<Add library="OgreMain_d" />
					<Add library="cg" />
					<Add library="mingwm10" />
					<Add library="OgreGUIRenderer" />
					<Add library="libAtlas-C++-0.6.a" />
					<Add library="liberis-1.3.a" />
					<Add library="libwfut-0.a" />
					<Add library="libmercator-0.2.a" />
					<Add library="libskstream-0.3.a" />
					<Add library="libvarconf-0.6.a" />
					<Add library="libwfmath-0.3.7.a" />
					<Add directory="dependencies\lib\debug" />
					<Add directory="dependencies\bin\debug" />
				</Linker>
			</Target>
			<Target title="Release">
				<Option output="bin\Release\ember.exe" prefix_auto="0" extension_auto="0" />
				<Option object_output="obj\Release\" />
				<Option type="0" />
				<Option compiler="gcc" />
				<Compiler>
					<Add option="-O2" />
					<Add option="-DNDEBUG" />
				</Compiler>
				<Linker>
					<Add option="-s" />
					<Add library="OgreMain" />
					<Add library="cg" />
					<Add library="mingwm10" />
					<Add library="OgreGUIRenderer" />
					<Add library="libAtlas-C++-0.6.a" />
					<Add library="liberis-1.3.a" />
					<Add library="libwfut-0.a" />
					<Add library="libmercator-0.2.a" />
					<Add library="libskstream-0.3.a" />
					<Add library="libvarconf-0.6.a" />
					<Add library="libwfmath-0.3.7.a" />
					<Add directory="dependencies\lib\release" />
					<Add directory="dependencies\bin\release" />
				</Linker>
			</Target>
		</Build>
		<Compiler>
			<Add option="-Wall" />
			<Add option="-mthreads" />
			<Add option="-fmessage-length=0" />
			<Add option="-fexceptions" />
			<Add option="-fident" />
			<Add option="-mms-bitfields" />
			<Add option="-D_WIN32" />
			<Add option="-DWIN32" />
			<Add option="-D_WINDOWS" />
			<Add option="-DWINVER=0x501" />
			<Add option="-DHAVE_CONFIG_H" />
			<Add option="-DTOLUA_STATIC" />
			<Add option="-D__MINGW32__" />
			<Add option="-D__WIN32__" />
			<Add option="-DLUA51" />
			<Add directory="." />
			<Add directory=".\src" />
			<Add directory=".\src\components\ogre" />
			<Add directory=".\src\components\ogre\environment\caelum\include" />
			<Add directory=".\src\components\ogre\SceneManagers\EmberPagingSceneManager\include" />
			<Add directory=".\src\components\ogre\environment\pagedgeometry\include" />
			<Add directory=".\src\components\ogre\ogreopcode\include" />
			<Add directory=".\src\components\ogre\ogreopcode\include\Opcode" />
			<Add directory="dependencies\include\Atlas-C++-0.6.1" />
			<Add directory="dependencies\include\eris-1.3.13" />
			<Add directory="dependencies\include\libwfut-0.2.0" />
			<Add directory="dependencies\include\mercator-0.2.5" />
			<Add directory="dependencies\include\skstream-0.3.6\mingw" />
			<Add directory="dependencies\include\skstream-0.3.6" />
			<Add directory="dependencies\include\varconf-0.6.5" />
			<Add directory="dependencies\include\wfmath-0.3.7" />
			<Add directory="dependencies\include\sigc++-2.0" />
			<Add directory="dependencies\include\OGRE-1.4.9" />
			<Add directory="dependencies\include\CEGUI-0.6.1" />
			<Add directory="dependencies\include\CEGUI-0.6.1\ScriptingModules\CEGUILua\LuaScriptModule\include" />
			<Add directory="dependencies\include\CEGUI-0.6.1\ScriptingModules\CEGUILua\tolua++" />
			<Add directory="dependencies\include\SDL" />
			<Add directory="C:\msys\1.0\local\include" />
		</Compiler>
		<Linker>
			<Add option="-Wl,--enable-auto-image-base" />
			<Add option="-Wl,--add-stdcall-alias" />
			<Add library="liblua5.1" />
			<Add library="libsigc-2.0" />
			<Add library="libCEGUIBase-1" />
			<Add library="libCEGUILuaScriptModule" />
			<Add library="libCEGUITinyXMLParser" />
			<Add library="libCEGUItoluapp-1" />
			<Add library="libSDL" />
			<Add library="libSDLmain" />
			<Add library="shlwapi" />
			<Add library="user32" />
			<Add directory="dependencies\lib" />
			<Add directory="dependencies\bin" />
		</Linker>
		<Unit filename="config.h" />
		<Unit filename="src\components\ogre\AttributeObserver.cpp" />
		<Unit filename="src\components\ogre\AttributeObserver.h" />
		<Unit filename="src\components\ogre\Avatar.cpp" />
		<Unit filename="src\components\ogre\Avatar.h" />
		<Unit filename="src\components\ogre\AvatarCamera.cpp" />
		<Unit filename="src\components\ogre\AvatarCamera.h" />
		<Unit filename="src\components\ogre\AvatarController.cpp" />
		<Unit filename="src\components\ogre\AvatarController.h" />
		<Unit filename="src\components\ogre\AvatarEmberEntity.cpp" />
		<Unit filename="src\components\ogre\AvatarEmberEntity.h" />
		<Unit filename="src\components\ogre\AvatarLogger.cpp" />
		<Unit filename="src\components\ogre\AvatarLogger.h" />
		<Unit filename="src\components\ogre\AvatarTerrainCursor.cpp" />
		<Unit filename="src\components\ogre\AvatarTerrainCursor.h" />
		<Unit filename="src\components\ogre\CameraMount.cpp" />
		<Unit filename="src\components\ogre\CameraMount.h" />
		<Unit filename="src\components\ogre\ConsoleObjectImpl.cpp" />
		<Unit filename="src\components\ogre\ConsoleObjectImpl.h" />
		<Unit filename="src\components\ogre\EmberEntity.cpp" />
		<Unit filename="src\components\ogre\EmberEntity.h" />
		<Unit filename="src\components\ogre\EmberEntityActionCreator.cpp" />
		<Unit filename="src\components\ogre\EmberEntityActionCreator.h" />
		<Unit filename="src\components\ogre\EmberEntityFactory.cpp" />
		<Unit filename="src\components\ogre\EmberEntityFactory.h" />
		<Unit filename="src\components\ogre\EmberEntityHideModelAction.cpp" />
		<Unit filename="src\components\ogre\EmberEntityHideModelAction.h" />
		<Unit filename="src\components\ogre\EmberEntityModelAction.cpp" />
		<Unit filename="src\components\ogre\EmberEntityModelAction.h" />
		<Unit filename="src\components\ogre\EmberEntityPartAction.cpp" />
		<Unit filename="src\components\ogre\EmberEntityPartAction.h" />
		<Unit filename="src\components\ogre\EmberEntityUserObject.cpp" />
		<Unit filename="src\components\ogre\EmberEntityUserObject.h" />
		<Unit filename="src\components\ogre\EmberOgre.cpp" />
		<Unit filename="src\components\ogre\EmberOgre.h" />
		<Unit filename="src\components\ogre\EmberOgreFileSystem.cpp" />
		<Unit filename="src\components\ogre\EmberOgreFileSystem.h" />
		<Unit filename="src\components\ogre\EmberOgrePrerequisites.h" />
		<Unit filename="src\components\ogre\EmberPhysicalEntity.cpp" />
		<Unit filename="src\components\ogre\EmberPhysicalEntity.h" />
		<Unit filename="src\components\ogre\EntityWorldPickListener.cpp" />
		<Unit filename="src\components\ogre\EntityWorldPickListener.h" />
		<Unit filename="src\components\ogre\GUICEGUIAdapter.cpp" />
		<Unit filename="src\components\ogre\GUICEGUIAdapter.h" />
		<Unit filename="src\components\ogre\GUIManager.cpp" />
		<Unit filename="src\components\ogre\GUIManager.h" />
		<Unit filename="src\components\ogre\IWorldPickListener.h" />
		<Unit filename="src\components\ogre\MathConverter.h" />
		<Unit filename="src\components\ogre\MediaUpdater.cpp" />
		<Unit filename="src\components\ogre\MediaUpdater.h" />
		<Unit filename="src\components\ogre\MeshCollisionDetector.cpp" />
		<Unit filename="src\components\ogre\MeshCollisionDetector.h" />
		<Unit filename="src\components\ogre\MotionManager.cpp" />
		<Unit filename="src\components\ogre\MotionManager.h" />
		<Unit filename="src\components\ogre\MousePicker.cpp" />
		<Unit filename="src\components\ogre\MousePicker.h" />
		<Unit filename="src\components\ogre\OgreIncludes.h" />
		<Unit filename="src\components\ogre\OgreInfo.cpp" />
		<Unit filename="src\components\ogre\OgreInfo.h" />
		<Unit filename="src\components\ogre\OgreLogObserver.cpp" />
		<Unit filename="src\components\ogre\OgreLogObserver.h" />
		<Unit filename="src\components\ogre\OgreResourceLoader.cpp" />
		<Unit filename="src\components\ogre\OgreResourceLoader.h" />
		<Unit filename="src\components\ogre\OgreResourceProvider.cpp" />
		<Unit filename="src\components\ogre\OgreResourceProvider.h" />
		<Unit filename="src\components\ogre\OgreSetup.cpp" />
		<Unit filename="src\components\ogre\OgreSetup.h" />
		<Unit filename="src\components\ogre\OpcodeCollisionDetector.cpp" />
		<Unit filename="src\components\ogre\OpcodeCollisionDetector.h" />
		<Unit filename="src\components\ogre\OpcodeCollisionDetectorVisualizer.cpp" />
		<Unit filename="src\components\ogre\OpcodeCollisionDetectorVisualizer.h" />
		<Unit filename="src\components\ogre\SceneManagers\EmberPagingSceneManager\include\DRGNURBSSurface.h" />
		<Unit filename="src\components\ogre\SceneManagers\EmberPagingSceneManager\include\EmberPagingLandScapeData2D_HeightField.h" />
		<Unit filename="src\components\ogre\SceneManagers\EmberPagingSceneManager\include\EmberPagingLandScapeTexture.h" />
		<Unit filename="src\components\ogre\SceneManagers\EmberPagingSceneManager\include\EmberPagingSceneManager.h" />
		<Unit filename="src\components\ogre\SceneManagers\EmberPagingSceneManager\include\EmberPagingSceneManagerAdapter.h" />
		<Unit filename="src\components\ogre\SceneManagers\EmberPagingSceneManager\include\OgreDebugRectangle2D.h" />
		<Unit filename="src\components\ogre\SceneManagers\EmberPagingSceneManager\include\OgreOcclusionBoundingBox.h" />
		<Unit filename="src\components\ogre\SceneManagers\EmberPagingSceneManager\include\OgrePagingLandScapeAxisAlignedBoxSceneQuery.h" />
		<Unit filename="src\components\ogre\SceneManagers\EmberPagingSceneManager\include\OgrePagingLandScapeCallBackEvent.h" />
		<Unit filename="src\components\ogre\SceneManagers\EmberPagingSceneManager\include\OgrePagingLandScapeCallback.h" />
		<Unit filename="src\components\ogre\SceneManagers\EmberPagingSceneManager\include\OgrePagingLandScapeCamera.h" />
		<Unit filename="src\components\ogre\SceneManagers\EmberPagingSceneManager\include\OgrePagingLandScapeData2D.h" />
		<Unit filename="src\components\ogre\SceneManagers\EmberPagingSceneManager\include\OgrePagingLandScapeData2DManager.h" />
		<Unit filename="src\components\ogre\SceneManagers\EmberPagingSceneManager\include\OgrePagingLandScapeData2D_HeightField.h" />
		<Unit filename="src\components\ogre\SceneManagers\EmberPagingSceneManager\include\OgrePagingLandScapeData2D_HeightFieldBlendNeighbor.h" />
		<Unit filename="src\components\ogre\SceneManagers\EmberPagingSceneManager\include\OgrePagingLandScapeData2D_HeightFieldN.h" />
		<Unit filename="src\components\ogre\SceneManagers\EmberPagingSceneManager\include\OgrePagingLandScapeData2D_HeightFieldNTC.h" />
		<Unit filename="src\components\ogre\SceneManagers\EmberPagingSceneManager\include\OgrePagingLandScapeData2D_HeightFieldRaw.h" />
		<Unit filename="src\components\ogre\SceneManagers\EmberPagingSceneManager\include\OgrePagingLandScapeData2D_HeightFieldRawTC.h" />
		<Unit filename="src\components\ogre\SceneManagers\EmberPagingSceneManager\include\OgrePagingLandScapeData2D_HeightFieldTC.h" />
		<Unit filename="src\components\ogre\SceneManagers\EmberPagingSceneManager\include\OgrePagingLandScapeData2D_Spline.h" />
		<Unit filename="src\components\ogre\SceneManagers\EmberPagingSceneManager\include\OgrePagingLandScapeHorizon.h" />
		<Unit filename="src\components\ogre\SceneManagers\EmberPagingSceneManager\include\OgrePagingLandScapeIndexBuffer.h" />
		<Unit filename="src\components\ogre\SceneManagers\EmberPagingSceneManager\include\OgrePagingLandScapeIntersectionSceneQuery.h" />
		<Unit filename="src\components\ogre\SceneManagers\EmberPagingSceneManager\include\OgrePagingLandScapeListener.h" />
		<Unit filename="src\components\ogre\SceneManagers\EmberPagingSceneManager\include\OgrePagingLandScapeListenerManager.h" />
		<Unit filename="src\components\ogre\SceneManagers\EmberPagingSceneManager\include\OgrePagingLandScapeMeshDecal.h" />
		<Unit filename="src\components\ogre\SceneManagers\EmberPagingSceneManager\include\OgrePagingLandScapeOcclusion.h" />
		<Unit filename="src\components\ogre\SceneManagers\EmberPagingSceneManager\include\OgrePagingLandScapeOcclusionCHCTraversal.h" />
		<Unit filename="src\components\ogre\SceneManagers\EmberPagingSceneManager\include\OgrePagingLandScapeOcclusionCameraTraversal.h" />
		<Unit filename="src\components\ogre\SceneManagers\EmberPagingSceneManager\include\OgrePagingLandScapeOcclusionDebugTraversal.h" />
		<Unit filename="src\components\ogre\SceneManagers\EmberPagingSceneManager\include\OgrePagingLandScapeOcclusionElement.h" />
		<Unit filename="src\components\ogre\SceneManagers\EmberPagingSceneManager\include\OgrePagingLandScapeOcclusionQuerySet.h" />
		<Unit filename="src\components\ogre\SceneManagers\EmberPagingSceneManager\include\OgrePagingLandScapeOcclusionSWTraversal.h" />
		<Unit filename="src\components\ogre\SceneManagers\EmberPagingSceneManager\include\OgrePagingLandScapeOcclusionSorter.h" />
		<Unit filename="src\components\ogre\SceneManagers\EmberPagingSceneManager\include\OgrePagingLandScapeOcclusionTraversal.h" />
		<Unit filename="src\components\ogre\SceneManagers\EmberPagingSceneManager\include\OgrePagingLandScapeOcclusionVFTraversal.h" />
		<Unit filename="src\components\ogre\SceneManagers\EmberPagingSceneManager\include\OgrePagingLandScapeOcclusionVisibilityData.h" />
		<Unit filename="src\components\ogre\SceneManagers\EmberPagingSceneManager\include\OgrePagingLandScapeOctree.h" />
		<Unit filename="src\components\ogre\SceneManagers\EmberPagingSceneManager\include\OgrePagingLandScapeOctreeAxisAlignedBoxSceneQuery.h" />
		<Unit filename="src\components\ogre\SceneManagers\EmberPagingSceneManager\include\OgrePagingLandScapeOctreeCamera.h" />
		<Unit filename="src\components\ogre\SceneManagers\EmberPagingSceneManager\include\OgrePagingLandScapeOctreeIntersectionSceneQuery.h" />
		<Unit filename="src\components\ogre\SceneManagers\EmberPagingSceneManager\include\OgrePagingLandScapeOctreeNode.h" />
		<Unit filename="src\components\ogre\SceneManagers\EmberPagingSceneManager\include\OgrePagingLandScapeOctreePlaneBoundedVolumeListSceneQuery.h" />
		<Unit filename="src\components\ogre\SceneManagers\EmberPagingSceneManager\include\OgrePagingLandScapeOctreeRaySceneQuery.h" />
		<Unit filename="src\components\ogre\SceneManagers\EmberPagingSceneManager\include\OgrePagingLandScapeOctreeSceneManager.h" />
		<Unit filename="src\components\ogre\SceneManagers\EmberPagingSceneManager\include\OgrePagingLandScapeOctreeSphereSceneQuery.h" />
		<Unit filename="src\components\ogre\SceneManagers\EmberPagingSceneManager\include\OgrePagingLandScapeOptions.h" />
		<Unit filename="src\components\ogre\SceneManagers\EmberPagingSceneManager\include\OgrePagingLandScapePage.h" />
		<Unit filename="src\components\ogre\SceneManagers\EmberPagingSceneManager\include\OgrePagingLandScapePageManager.h" />
		<Unit filename="src\components\ogre\SceneManagers\EmberPagingSceneManager\include\OgrePagingLandScapePageRenderable.h" />
		<Unit filename="src\components\ogre\SceneManagers\EmberPagingSceneManager\include\OgrePagingLandScapePoolSet.h" />
		<Unit filename="src\components\ogre\SceneManagers\EmberPagingSceneManager\include\OgrePagingLandScapePrecompiledHeaders.h" />
		<Unit filename="src\components\ogre\SceneManagers\EmberPagingSceneManager\include\OgrePagingLandScapePrerequisites.h" />
		<Unit filename="src\components\ogre\SceneManagers\EmberPagingSceneManager\include\OgrePagingLandScapeQueue.h" />
		<Unit filename="src\components\ogre\SceneManagers\EmberPagingSceneManager\include\OgrePagingLandScapeRaySceneQuery.h" />
		<Unit filename="src\components\ogre\SceneManagers\EmberPagingSceneManager\include\OgrePagingLandScapeRenderable.h" />
		<Unit filename="src\components\ogre\SceneManagers\EmberPagingSceneManager\include\OgrePagingLandScapeRenderableManager.h" />
		<Unit filename="src\components\ogre\SceneManagers\EmberPagingSceneManager\include\OgrePagingLandScapeSceneManager.h" />
		<Unit filename="src\components\ogre\SceneManagers\EmberPagingSceneManager\include\OgrePagingLandScapeTexture.h" />
		<Unit filename="src\components\ogre\SceneManagers\EmberPagingSceneManager\include\OgrePagingLandScapeTextureCoordinatesManager.h" />
		<Unit filename="src\components\ogre\SceneManagers\EmberPagingSceneManager\include\OgrePagingLandScapeTextureManager.h" />
		<Unit filename="src\components\ogre\SceneManagers\EmberPagingSceneManager\include\OgrePagingLandScapeTexture_BaseTexture.h" />
		<Unit filename="src\components\ogre\SceneManagers\EmberPagingSceneManager\include\OgrePagingLandScapeTexture_BaseTexture2.h" />
		<Unit filename="src\components\ogre\SceneManagers\EmberPagingSceneManager\include\OgrePagingLandScapeTexture_Image.h" />
		<Unit filename="src\components\ogre\SceneManagers\EmberPagingSceneManager\include\OgrePagingLandScapeTexture_InstantBaseTexture.h" />
		<Unit filename="src\components\ogre\SceneManagers\EmberPagingSceneManager\include\OgrePagingLandScapeTexture_InstantBaseTextureEdit.h" />
		<Unit filename="src\components\ogre\SceneManagers\EmberPagingSceneManager\include\OgrePagingLandScapeTexture_InstantBaseTextureShadowed.h" />
		<Unit filename="src\components\ogre\SceneManagers\EmberPagingSceneManager\include\OgrePagingLandScapeTexture_None.h" />
		<Unit filename="src\components\ogre\SceneManagers\EmberPagingSceneManager\include\OgrePagingLandScapeTexture_Splatting.h" />
		<Unit filename="src\components\ogre\SceneManagers\EmberPagingSceneManager\include\OgrePagingLandScapeTexture_Splatting2.h" />
		<Unit filename="src\components\ogre\SceneManagers\EmberPagingSceneManager\include\OgrePagingLandScapeTexture_Splatting2Edit.h" />
		<Unit filename="src\components\ogre\SceneManagers\EmberPagingSceneManager\include\OgrePagingLandScapeTexture_Splatting3.h" />
		<Unit filename="src\components\ogre\SceneManagers\EmberPagingSceneManager\include\OgrePagingLandScapeTexture_Splatting4.h" />
		<Unit filename="src\components\ogre\SceneManagers\EmberPagingSceneManager\include\OgrePagingLandScapeTexture_Splatting5.h" />
		<Unit filename="src\components\ogre\SceneManagers\EmberPagingSceneManager\include\OgrePagingLandScapeTexture_Splatting6.h" />
		<Unit filename="src\components\ogre\SceneManagers\EmberPagingSceneManager\include\OgrePagingLandScapeTexture_Splatting7.h" />
		<Unit filename="src\components\ogre\SceneManagers\EmberPagingSceneManager\include\OgrePagingLandScapeTexture_Splatting7Edit.h" />
		<Unit filename="src\components\ogre\SceneManagers\EmberPagingSceneManager\include\OgrePagingLandScapeTexture_SplattingShader.h" />
		<Unit filename="src\components\ogre\SceneManagers\EmberPagingSceneManager\include\OgrePagingLandScapeTexture_SplattingShaderEdit.h" />
		<Unit filename="src\components\ogre\SceneManagers\EmberPagingSceneManager\include\OgrePagingLandScapeTile.h" />
		<Unit filename="src\components\ogre\SceneManagers\EmberPagingSceneManager\include\OgrePagingLandScapeTileInfo.h" />
		<Unit filename="src\components\ogre\SceneManagers\EmberPagingSceneManager\include\OgrePagingLandScapeTileManager.h" />
		<Unit filename="src\components\ogre\SceneManagers\EmberPagingSceneManager\include\fileutils.h" />
		<Unit filename="src\components\ogre\SceneManagers\EmberPagingSceneManager\src\DRGNURBSSurface.cpp" />
		<Unit filename="src\components\ogre\SceneManagers\EmberPagingSceneManager\src\EmberPagingLandScapeData2D_HeightField.cpp" />
		<Unit filename="src\components\ogre\SceneManagers\EmberPagingSceneManager\src\EmberPagingLandScapeTexture.cpp" />
		<Unit filename="src\components\ogre\SceneManagers\EmberPagingSceneManager\src\EmberPagingSceneManager.cpp" />
		<Unit filename="src\components\ogre\SceneManagers\EmberPagingSceneManager\src\EmberPagingSceneManagerAdapter.cpp" />
		<Unit filename="src\components\ogre\SceneManagers\EmberPagingSceneManager\src\EmberTerrainPageBridge.cpp" />
		<Unit filename="src\components\ogre\SceneManagers\EmberPagingSceneManager\src\OgreDebugRectangle2D.cpp" />
		<Unit filename="src\components\ogre\SceneManagers\EmberPagingSceneManager\src\OgreOcclusionBoundingBox.cpp" />
		<Unit filename="src\components\ogre\SceneManagers\EmberPagingSceneManager\src\OgrePagingLandScapeAxisAlignedBoxSceneQuery.cpp" />
		<Unit filename="src\components\ogre\SceneManagers\EmberPagingSceneManager\src\OgrePagingLandScapeCamera.cpp" />
		<Unit filename="src\components\ogre\SceneManagers\EmberPagingSceneManager\src\OgrePagingLandScapeData2D.cpp" />
		<Unit filename="src\components\ogre\SceneManagers\EmberPagingSceneManager\src\OgrePagingLandScapeData2DManager.cpp" />
		<Unit filename="src\components\ogre\SceneManagers\EmberPagingSceneManager\src\OgrePagingLandScapeHorizon.cpp" />
		<Unit filename="src\components\ogre\SceneManagers\EmberPagingSceneManager\src\OgrePagingLandScapeIndexBuffer.cpp" />
		<Unit filename="src\components\ogre\SceneManagers\EmberPagingSceneManager\src\OgrePagingLandScapeListenerManager.cpp" />
		<Unit filename="src\components\ogre\SceneManagers\EmberPagingSceneManager\src\OgrePagingLandScapeMeshDecal.cpp" />
		<Unit filename="src\components\ogre\SceneManagers\EmberPagingSceneManager\src\OgrePagingLandScapeOcclusion.cpp" />
		<Unit filename="src\components\ogre\SceneManagers\EmberPagingSceneManager\src\OgrePagingLandScapeOcclusionCHCTraversal.cpp" />
		<Unit filename="src\components\ogre\SceneManagers\EmberPagingSceneManager\src\OgrePagingLandScapeOcclusionCameraTraversal.cpp" />
		<Unit filename="src\components\ogre\SceneManagers\EmberPagingSceneManager\src\OgrePagingLandScapeOcclusionDebugTraversal.cpp" />
		<Unit filename="src\components\ogre\SceneManagers\EmberPagingSceneManager\src\OgrePagingLandScapeOcclusionElement.cpp" />
		<Unit filename="src\components\ogre\SceneManagers\EmberPagingSceneManager\src\OgrePagingLandScapeOcclusionQuerySet.cpp" />
		<Unit filename="src\components\ogre\SceneManagers\EmberPagingSceneManager\src\OgrePagingLandScapeOcclusionSWTraversal.cpp" />
		<Unit filename="src\components\ogre\SceneManagers\EmberPagingSceneManager\src\OgrePagingLandScapeOcclusionTraversal.cpp" />
		<Unit filename="src\components\ogre\SceneManagers\EmberPagingSceneManager\src\OgrePagingLandScapeOcclusionVFTraversal.cpp" />
		<Unit filename="src\components\ogre\SceneManagers\EmberPagingSceneManager\src\OgrePagingLandScapeOctree.cpp" />
		<Unit filename="src\components\ogre\SceneManagers\EmberPagingSceneManager\src\OgrePagingLandScapeOctreeAxisAlignedBoxSceneQuery.cpp" />
		<Unit filename="src\components\ogre\SceneManagers\EmberPagingSceneManager\src\OgrePagingLandScapeOctreeCamera.cpp" />
		<Unit filename="src\components\ogre\SceneManagers\EmberPagingSceneManager\src\OgrePagingLandScapeOctreeIntersectionSceneQuery.cpp" />
		<Unit filename="src\components\ogre\SceneManagers\EmberPagingSceneManager\src\OgrePagingLandScapeOctreeNode.cpp" />
		<Unit filename="src\components\ogre\SceneManagers\EmberPagingSceneManager\src\OgrePagingLandScapeOctreePlaneBoundedVolumeListSceneQuery.cpp" />
		<Unit filename="src\components\ogre\SceneManagers\EmberPagingSceneManager\src\OgrePagingLandScapeOctreeRaySceneQuery.cpp" />
		<Unit filename="src\components\ogre\SceneManagers\EmberPagingSceneManager\src\OgrePagingLandScapeOctreeSceneManager.cpp" />
		<Unit filename="src\components\ogre\SceneManagers\EmberPagingSceneManager\src\OgrePagingLandScapeOctreeSphereSceneQuery.cpp" />
		<Unit filename="src\components\ogre\SceneManagers\EmberPagingSceneManager\src\OgrePagingLandScapeOptions.cpp" />
		<Unit filename="src\components\ogre\SceneManagers\EmberPagingSceneManager\src\OgrePagingLandScapePage.cpp" />
		<Unit filename="src\components\ogre\SceneManagers\EmberPagingSceneManager\src\OgrePagingLandScapePageManager.cpp" />
		<Unit filename="src\components\ogre\SceneManagers\EmberPagingSceneManager\src\OgrePagingLandScapePageRenderable.cpp" />
		<Unit filename="src\components\ogre\SceneManagers\EmberPagingSceneManager\src\OgrePagingLandScapeRaySceneQuery.cpp" />
		<Unit filename="src\components\ogre\SceneManagers\EmberPagingSceneManager\src\OgrePagingLandScapeRenderable.cpp" />
		<Unit filename="src\components\ogre\SceneManagers\EmberPagingSceneManager\src\OgrePagingLandScapeRenderableManager.cpp" />
		<Unit filename="src\components\ogre\SceneManagers\EmberPagingSceneManager\src\OgrePagingLandScapeSceneManager.cpp" />
		<Unit filename="src\components\ogre\SceneManagers\EmberPagingSceneManager\src\OgrePagingLandScapeTexture.cpp" />
		<Unit filename="src\components\ogre\SceneManagers\EmberPagingSceneManager\src\OgrePagingLandScapeTextureCoordinatesManager.cpp" />
		<Unit filename="src\components\ogre\SceneManagers\EmberPagingSceneManager\src\OgrePagingLandScapeTextureManager.cpp" />
		<Unit filename="src\components\ogre\SceneManagers\EmberPagingSceneManager\src\OgrePagingLandScapeTexture_BaseTexture.cpp" />
		<Unit filename="src\components\ogre\SceneManagers\EmberPagingSceneManager\src\OgrePagingLandScapeTexture_BaseTexture2.cpp" />
		<Unit filename="src\components\ogre\SceneManagers\EmberPagingSceneManager\src\OgrePagingLandScapeTile.cpp" />
		<Unit filename="src\components\ogre\SceneManagers\EmberPagingSceneManager\src\OgrePagingLandScapeTileManager.cpp" />
		<Unit filename="src\components\ogre\SceneManagers\EmberPagingSceneManager\src\filetutils.cpp" />
		<Unit filename="src\components\ogre\SimpleRenderContext.cpp" />
		<Unit filename="src\components\ogre\SimpleRenderContext.h" />
		<Unit filename="src\components\ogre\WorldEmberEntity.cpp" />
		<Unit filename="src\components\ogre\WorldEmberEntity.h" />
		<Unit filename="src\components\ogre\XMLHelper.cpp" />
		<Unit filename="src\components\ogre\XMLHelper.h" />
		<Unit filename="src\components\ogre\carpenter\BluePrint.cpp" />
		<Unit filename="src\components\ogre\carpenter\BluePrint.h" />
		<Unit filename="src\components\ogre\carpenter\Carpenter.cpp" />
		<Unit filename="src\components\ogre\carpenter\Carpenter.h" />
		<Unit filename="src\components\ogre\environment\CaelumEnvironment.cpp" />
		<Unit filename="src\components\ogre\environment\CaelumEnvironment.h" />
		<Unit filename="src\components\ogre\environment\CaelumSky.cpp" />
		<Unit filename="src\components\ogre\environment\CaelumSky.h" />
		<Unit filename="src\components\ogre\environment\CaelumSun.cpp" />
		<Unit filename="src\components\ogre\environment\CaelumSun.h" />
		<Unit filename="src\components\ogre\environment\EmberEntityLoader.cpp" />
		<Unit filename="src\components\ogre\environment\EmberEntityLoader.h" />
		<Unit filename="src\components\ogre\environment\Environment.cpp" />
		<Unit filename="src\components\ogre\environment\Environment.h" />
		<Unit filename="src\components\ogre\environment\Foliage.cpp" />
		<Unit filename="src\components\ogre\environment\Foliage.h" />
		<Unit filename="src\components\ogre\environment\FoliageArea.h" />
		<Unit filename="src\components\ogre\environment\FoliageBase.cpp" />
		<Unit filename="src\components\ogre\environment\FoliageBase.h" />
		<Unit filename="src\components\ogre\environment\FoliageLayer.cpp" />
		<Unit filename="src\components\ogre\environment\FoliageLayer.h" />
		<Unit filename="src\components\ogre\environment\FoliageLoader.cpp" />
		<Unit filename="src\components\ogre\environment\FoliageLoader.h" />
		<Unit filename="src\components\ogre\environment\Forest.cpp" />
		<Unit filename="src\components\ogre\environment\Forest.h" />
		<Unit filename="src\components\ogre\environment\GrassFoliage.cpp" />
		<Unit filename="src\components\ogre\environment\GrassFoliage.h" />
		<Unit filename="src\components\ogre\environment\LensFlare.cpp" />
		<Unit filename="src\components\ogre\environment\LensFlare.h" />
		<Unit filename="src\components\ogre\environment\ShrubberyFoliage.cpp" />
		<Unit filename="src\components\ogre\environment\ShrubberyFoliage.h" />
		<Unit filename="src\components\ogre\environment\SimpleEnvironment.cpp" />
		<Unit filename="src\components\ogre\environment\SimpleEnvironment.h" />
		<Unit filename="src\components\ogre\environment\Sun.cpp" />
		<Unit filename="src\components\ogre\environment\Sun.h" />
		<Unit filename="src\components\ogre\environment\Tree.cpp" />
		<Unit filename="src\components\ogre\environment\Tree.h" />
		<Unit filename="src\components\ogre\environment\Water.cpp" />
		<Unit filename="src\components\ogre\environment\Water.h" />
		<Unit filename="src\components\ogre\environment\caelum\include\Astronomy.h" />
		<Unit filename="src\components\ogre\environment\caelum\include\Caelum.h" />
		<Unit filename="src\components\ogre\environment\caelum\include\CaelumExceptions.h" />
		<Unit filename="src\components\ogre\environment\caelum\include\CaelumListener.h" />
		<Unit filename="src\components\ogre\environment\caelum\include\CaelumPrecompiled.h" />
		<Unit filename="src\components\ogre\environment\caelum\include\CaelumPrerequisites.h" />
		<Unit filename="src\components\ogre\environment\caelum\include\CaelumSystem.h" />
		<Unit filename="src\components\ogre\environment\caelum\include\CameraBoundElement.h" />
		<Unit filename="src\components\ogre\environment\caelum\include\GeometryFactory.h" />
		<Unit filename="src\components\ogre\environment\caelum\include\GroundFog.h" />
		<Unit filename="src\components\ogre\environment\caelum\include\ImageHelper.h" />
		<Unit filename="src\components\ogre\environment\caelum\include\LayeredClouds.h" />
		<Unit filename="src\components\ogre\environment\caelum\include\SkyColourModel.h" />
		<Unit filename="src\components\ogre\environment\caelum\include\SkyDome.h" />
		<Unit filename="src\components\ogre\environment\caelum\include\SolarSystemModel.h" />
		<Unit filename="src\components\ogre\environment\caelum\include\Starfield.h" />
		<Unit filename="src\components\ogre\environment\caelum\include\Sun.h" />
		<Unit filename="src\components\ogre\environment\caelum\include\UniversalClock.h" />
		<Unit filename="src\components\ogre\environment\caelum\src\Astronomy.cpp" />
		<Unit filename="src\components\ogre\environment\caelum\src\CaelumPrecompiled.cpp" />
		<Unit filename="src\components\ogre\environment\caelum\src\CaelumSystem.cpp" />
		<Unit filename="src\components\ogre\environment\caelum\src\CameraBoundElement.cpp" />
		<Unit filename="src\components\ogre\environment\caelum\src\GeometryFactory.cpp" />
		<Unit filename="src\components\ogre\environment\caelum\src\GroundFog.cpp" />
		<Unit filename="src\components\ogre\environment\caelum\src\ImageHelper.cpp" />
		<Unit filename="src\components\ogre\environment\caelum\src\LayeredClouds.cpp" />
		<Unit filename="src\components\ogre\environment\caelum\src\SkyColourModel.cpp" />
		<Unit filename="src\components\ogre\environment\caelum\src\SkyDome.cpp" />
		<Unit filename="src\components\ogre\environment\caelum\src\SolarSystemModel.cpp" />
		<Unit filename="src\components\ogre\environment\caelum\src\Starfield.cpp" />
		<Unit filename="src\components\ogre\environment\caelum\src\Sun.cpp" />
		<Unit filename="src\components\ogre\environment\caelum\src\UniversalClock.cpp" />
		<Unit filename="src\components\ogre\environment\meshtree\MeshTree.cpp" />
		<Unit filename="src\components\ogre\environment\meshtree\MeshTree.h" />
		<Unit filename="src\components\ogre\environment\meshtree\TParameters.cpp" />
		<Unit filename="src\components\ogre\environment\meshtree\TParameters.h" />
		<Unit filename="src\components\ogre\environment\meshtree\TStem.cpp" />
		<Unit filename="src\components\ogre\environment\meshtree\TStem.h" />
		<Unit filename="src\components\ogre\environment\meshtree\TTypes.h" />
		<Unit filename="src\components\ogre\environment\pagedgeometry\include\BatchPage.h" />
		<Unit filename="src\components\ogre\environment\pagedgeometry\include\BatchedGeometry.h" />
		<Unit filename="src\components\ogre\environment\pagedgeometry\include\DummyPage.h" />
		<Unit filename="src\components\ogre\environment\pagedgeometry\include\GrassLoader.h" />
		<Unit filename="src\components\ogre\environment\pagedgeometry\include\ImpostorPage.h" />
		<Unit filename="src\components\ogre\environment\pagedgeometry\include\PagedGeometry.h" />
		<Unit filename="src\components\ogre\environment\pagedgeometry\include\PassiveEntityPage.h" />
		<Unit filename="src\components\ogre\environment\pagedgeometry\include\PropertyMaps.h" />
		<Unit filename="src\components\ogre\environment\pagedgeometry\include\StaticBillboardSet.h" />
		<Unit filename="src\components\ogre\environment\pagedgeometry\include\TreeLoader2D.h" />
		<Unit filename="src\components\ogre\environment\pagedgeometry\include\TreeLoader3D.h" />
		<Unit filename="src\components\ogre\environment\pagedgeometry\source\BatchPage.cpp" />
		<Unit filename="src\components\ogre\environment\pagedgeometry\source\BatchedGeometry.cpp" />
		<Unit filename="src\components\ogre\environment\pagedgeometry\source\DummyPage.cpp" />
		<Unit filename="src\components\ogre\environment\pagedgeometry\source\GrassLoader.cpp" />
		<Unit filename="src\components\ogre\environment\pagedgeometry\source\ImpostorPage.cpp" />
		<Unit filename="src\components\ogre\environment\pagedgeometry\source\PagedGeometry.cpp" />
		<Unit filename="src\components\ogre\environment\pagedgeometry\source\PassiveEntityPage.cpp" />
		<Unit filename="src\components\ogre\environment\pagedgeometry\source\PropertyMaps.cpp" />
		<Unit filename="src\components\ogre\environment\pagedgeometry\source\StaticBillboardSet.cpp" />
		<Unit filename="src\components\ogre\environment\pagedgeometry\source\TreeLoader2D.cpp" />
		<Unit filename="src\components\ogre\environment\pagedgeometry\source\TreeLoader3D.cpp" />
		<Unit filename="src\components\ogre\gui\ActiveWidgetHandler.cpp" />
		<Unit filename="src\components\ogre\gui\ActiveWidgetHandler.h" />
		<Unit filename="src\components\ogre\gui\CEGUILogger.cpp" />
		<Unit filename="src\components\ogre\gui\CEGUILogger.h" />
		<Unit filename="src\components\ogre\input\IInputAdapter.h" />
		<Unit filename="src\components\ogre\input\Input.cpp" />
		<Unit filename="src\components\ogre\input\Input.h" />
		<Unit filename="src\components\ogre\input\InputCommandMapper.cpp" />
		<Unit filename="src\components\ogre\input\InputCommandMapper.h" />
		<Unit filename="src\components\ogre\jesus\Jesus.cpp" />
		<Unit filename="src\components\ogre\jesus\Jesus.h" />
		<Unit filename="src\components\ogre\jesus\JesusMousePicker.cpp" />
		<Unit filename="src\components\ogre\jesus\JesusMousePicker.h" />
		<Unit filename="src\components\ogre\jesus\JesusPickerObject.cpp" />
		<Unit filename="src\components\ogre\jesus\JesusPickerObject.h" />
		<Unit filename="src\components\ogre\jesus\XMLJesusSerializer.cpp" />
		<Unit filename="src\components\ogre\jesus\XMLJesusSerializer.h" />
		<Unit filename="src\components\ogre\manipulation\EntityMoveAdapter.cpp" />
		<Unit filename="src\components\ogre\manipulation\EntityMoveAdapter.h" />
		<Unit filename="src\components\ogre\manipulation\EntityMoveAdjuster.cpp" />
		<Unit filename="src\components\ogre\manipulation\EntityMoveAdjuster.h" />
		<Unit filename="src\components\ogre\manipulation\EntityMoveManager.cpp" />
		<Unit filename="src\components\ogre\manipulation\EntityMoveManager.h" />
		<Unit filename="src\components\ogre\manipulation\EntityMover.cpp" />
		<Unit filename="src\components\ogre\manipulation\EntityMover.h" />
		<Unit filename="src\components\ogre\manipulation\IEntityMoveBridge.h" />
		<Unit filename="src\components\ogre\manipulation\MaterialEditor.cpp" />
		<Unit filename="src\components\ogre\manipulation\MaterialEditor.h" />
		<Unit filename="src\components\ogre\model\Action.cpp" />
		<Unit filename="src\components\ogre\model\Action.h" />
		<Unit filename="src\components\ogre\model\AnimationSet.cpp" />
		<Unit filename="src\components\ogre\model\AnimationSet.h" />
		<Unit filename="src\components\ogre\model\Model.cpp" />
		<Unit filename="src\components\ogre\model\Model.h" />
		<Unit filename="src\components\ogre\model\ModelDefinition.cpp" />
		<Unit filename="src\components\ogre\model\ModelDefinition.h" />
		<Unit filename="src\components\ogre\model\ModelDefinitionAtlasComposer.cpp" />
		<Unit filename="src\components\ogre\model\ModelDefinitionAtlasComposer.h" />
		<Unit filename="src\components\ogre\model\ModelDefinitionManager.cpp" />
		<Unit filename="src\components\ogre\model\ModelDefinitionManager.h" />
		<Unit filename="src\components\ogre\model\ParticleSystem.cpp" />
		<Unit filename="src\components\ogre\model\ParticleSystem.h" />
		<Unit filename="src\components\ogre\model\ParticleSystemBinding.cpp" />
		<Unit filename="src\components\ogre\model\ParticleSystemBinding.h" />
		<Unit filename="src\components\ogre\model\SubModel.cpp" />
		<Unit filename="src\components\ogre\model\SubModel.h" />
		<Unit filename="src\components\ogre\model\SubModelPart.cpp" />
		<Unit filename="src\components\ogre\model\SubModelPart.h" />
		<Unit filename="src\components\ogre\model\XMLModelDefinitionSerializer.cpp" />
		<Unit filename="src\components\ogre\model\XMLModelDefinitionSerializer.h" />
		<Unit filename="src\components\ogre\model\mapping\Actions\Action.cpp" />
		<Unit filename="src\components\ogre\model\mapping\Actions\Action.h" />
		<Unit filename="src\components\ogre\model\mapping\Actions\DummyAction.cpp" />
		<Unit filename="src\components\ogre\model\mapping\Actions\DummyAction.h" />
		<Unit filename="src\components\ogre\model\mapping\Cases\AttributeCase.cpp" />
		<Unit filename="src\components\ogre\model\mapping\Cases\AttributeCase.h" />
		<Unit filename="src\components\ogre\model\mapping\Cases\AttributeComparers\AttributeComparerWrapper.cpp" />
		<Unit filename="src\components\ogre\model\mapping\Cases\AttributeComparers\AttributeComparerWrapper.h" />
		<Unit filename="src\components\ogre\model\mapping\Cases\AttributeComparers\HeightComparerWrapper.cpp" />
		<Unit filename="src\components\ogre\model\mapping\Cases\AttributeComparers\HeightComparerWrapper.h" />
		<Unit filename="src\components\ogre\model\mapping\Cases\AttributeComparers\NumericComparer.cpp" />
		<Unit filename="src\components\ogre\model\mapping\Cases\AttributeComparers\NumericComparer.h" />
		<Unit filename="src\components\ogre\model\mapping\Cases\AttributeComparers\NumericComparerWrapper.cpp" />
		<Unit filename="src\components\ogre\model\mapping\Cases\AttributeComparers\NumericComparerWrapper.h" />
		<Unit filename="src\components\ogre\model\mapping\Cases\AttributeComparers\NumericEqualsComparer.cpp" />
		<Unit filename="src\components\ogre\model\mapping\Cases\AttributeComparers\NumericEqualsComparer.h" />
		<Unit filename="src\components\ogre\model\mapping\Cases\AttributeComparers\NumericEqualsOrGreaterComparer.cpp" />
		<Unit filename="src\components\ogre\model\mapping\Cases\AttributeComparers\NumericEqualsOrGreaterComparer.h" />
		<Unit filename="src\components\ogre\model\mapping\Cases\AttributeComparers\NumericEqualsOrLesserComparer.cpp" />
		<Unit filename="src\components\ogre\model\mapping\Cases\AttributeComparers\NumericEqualsOrLesserComparer.h" />
		<Unit filename="src\components\ogre\model\mapping\Cases\AttributeComparers\NumericGreaterComparer.cpp" />
		<Unit filename="src\components\ogre\model\mapping\Cases\AttributeComparers\NumericGreaterComparer.h" />
		<Unit filename="src\components\ogre\model\mapping\Cases\AttributeComparers\NumericLesserComparer.cpp" />
		<Unit filename="src\components\ogre\model\mapping\Cases\AttributeComparers\NumericLesserComparer.h" />
		<Unit filename="src\components\ogre\model\mapping\Cases\AttributeComparers\NumericRangeComparer.cpp" />
		<Unit filename="src\components\ogre\model\mapping\Cases\AttributeComparers\NumericRangeComparer.h" />
		<Unit filename="src\components\ogre\model\mapping\Cases\AttributeComparers\NumericValueHolder.cpp" />
		<Unit filename="src\components\ogre\model\mapping\Cases\AttributeComparers\NumericValueHolder.h" />
		<Unit filename="src\components\ogre\model\mapping\Cases\AttributeComparers\StringComparer.cpp" />
		<Unit filename="src\components\ogre\model\mapping\Cases\AttributeComparers\StringComparer.h" />
		<Unit filename="src\components\ogre\model\mapping\Cases\AttributeComparers\StringComparerWrapper.cpp" />
		<Unit filename="src\components\ogre\model\mapping\Cases\AttributeComparers\StringComparerWrapper.h" />
		<Unit filename="src\components\ogre\model\mapping\Cases\Case.cpp" />
		<Unit filename="src\components\ogre\model\mapping\Cases\Case.h" />
		<Unit filename="src\components\ogre\model\mapping\Cases\CaseBase.cpp" />
		<Unit filename="src\components\ogre\model\mapping\Cases\CaseBase.h" />
		<Unit filename="src\components\ogre\model\mapping\Cases\EntityBaseCase.cpp" />
		<Unit filename="src\components\ogre\model\mapping\Cases\EntityBaseCase.h" />
		<Unit filename="src\components\ogre\model\mapping\Cases\EntityTypeCase.cpp" />
		<Unit filename="src\components\ogre\model\mapping\Cases\EntityTypeCase.h" />
		<Unit filename="src\components\ogre\model\mapping\Cases\OutfitCase.cpp" />
		<Unit filename="src\components\ogre\model\mapping\Cases\OutfitCase.h" />
		<Unit filename="src\components\ogre\model\mapping\ChangeContext.cpp" />
		<Unit filename="src\components\ogre\model\mapping\ChangeContext.h" />
		<Unit filename="src\components\ogre\model\mapping\Definitions\ActionDefinition.cpp" />
		<Unit filename="src\components\ogre\model\mapping\Definitions\ActionDefinition.h" />
		<Unit filename="src\components\ogre\model\mapping\Definitions\CaseDefinition.cpp" />
		<Unit filename="src\components\ogre\model\mapping\Definitions\CaseDefinition.h" />
		<Unit filename="src\components\ogre\model\mapping\Definitions\DefinitionBase.cpp" />
		<Unit filename="src\components\ogre\model\mapping\Definitions\DefinitionBase.h" />
		<Unit filename="src\components\ogre\model\mapping\Definitions\MatchDefinition.cpp" />
		<Unit filename="src\components\ogre\model\mapping\Definitions\MatchDefinition.h" />
		<Unit filename="src\components\ogre\model\mapping\Definitions\ModelMappingDefinition.cpp" />
		<Unit filename="src\components\ogre\model\mapping\Definitions\ModelMappingDefinition.h" />
		<Unit filename="src\components\ogre\model\mapping\EmberModelMappingManager.cpp" />
		<Unit filename="src\components\ogre\model\mapping\EmberModelMappingManager.h" />
		<Unit filename="src\components\ogre\model\mapping\IActionCreator.h" />
		<Unit filename="src\components\ogre\model\mapping\Matches\AbstractMatch.cpp" />
		<Unit filename="src\components\ogre\model\mapping\Matches\AbstractMatch.h" />
		<Unit filename="src\components\ogre\model\mapping\Matches\AttributeDependentMatch.cpp" />
		<Unit filename="src\components\ogre\model\mapping\Matches\AttributeDependentMatch.h" />
		<Unit filename="src\components\ogre\model\mapping\Matches\AttributeMatch.cpp" />
		<Unit filename="src\components\ogre\model\mapping\Matches\AttributeMatch.h" />
		<Unit filename="src\components\ogre\model\mapping\Matches\EntityTypeMatch.cpp" />
		<Unit filename="src\components\ogre\model\mapping\Matches\EntityTypeMatch.h" />
		<Unit filename="src\components\ogre\model\mapping\Matches\MatchBase.cpp" />
		<Unit filename="src\components\ogre\model\mapping\Matches\MatchBase.h" />
		<Unit filename="src\components\ogre\model\mapping\Matches\Observers\AttributeObserver.cpp" />
		<Unit filename="src\components\ogre\model\mapping\Matches\Observers\AttributeObserver.h" />
		<Unit filename="src\components\ogre\model\mapping\Matches\Observers\EntityCreationObserver.cpp" />
		<Unit filename="src\components\ogre\model\mapping\Matches\Observers\EntityCreationObserver.h" />
		<Unit filename="src\components\ogre\model\mapping\Matches\OutfitMatch.cpp" />
		<Unit filename="src\components\ogre\model\mapping\Matches\OutfitMatch.h" />
		<Unit filename="src\components\ogre\model\mapping\ModelMapping.cpp" />
		<Unit filename="src\components\ogre\model\mapping\ModelMapping.h" />
		<Unit filename="src\components\ogre\model\mapping\ModelMappingCreator.cpp" />
		<Unit filename="src\components\ogre\model\mapping\ModelMappingCreator.h" />
		<Unit filename="src\components\ogre\model\mapping\ModelMappingManager.cpp" />
		<Unit filename="src\components\ogre\model\mapping\ModelMappingManager.h" />
		<Unit filename="src\components\ogre\model\mapping\XMLModelMappingDefinitionSerializer.cpp" />
		<Unit filename="src\components\ogre\model\mapping\XMLModelMappingDefinitionSerializer.h" />
		<Unit filename="src\components\ogre\ogreopcode\include\BP_Endpoint.h" />
		<Unit filename="src\components\ogre\ogreopcode\include\BP_Proxy.h" />
		<Unit filename="src\components\ogre\ogreopcode\include\BP_Scene.h" />
		<Unit filename="src\components\ogre\ogreopcode\include\GEN_List.h" />
		<Unit filename="src\components\ogre\ogreopcode\include\IOgreCollisionShape.h" />
		<Unit filename="src\components\ogre\ogreopcode\include\OgreBoxCollisionShape.h" />
		<Unit filename="src\components\ogre\ogreopcode\include\OgreBroadPhase.h" />
		<Unit filename="src\components\ogre\ogreopcode\include\OgreCapsule.h" />
		<Unit filename="src\components\ogre\ogreopcode\include\OgreCollisionContext.h" />
		<Unit filename="src\components\ogre\ogreopcode\include\OgreCollisionManager.h" />
		<Unit filename="src\components\ogre\ogreopcode\include\OgreCollisionObject.h" />
		<Unit filename="src\components\ogre\ogreopcode\include\OgreCollisionReporter.h" />
		<Unit filename="src\components\ogre\ogreopcode\include\OgreCollisionTypes.h" />
		<Unit filename="src\components\ogre\ogreopcode\include\OgreEntityCollisionShape.h" />
		<Unit filename="src\components\ogre\ogreopcode\include\OgreMeshCollisionShape.h" />
		<Unit filename="src\components\ogre\ogreopcode\include\OgreNodes.h" />
		<Unit filename="src\components\ogre\ogreopcode\include\OgreOpcode.h" />
		<Unit filename="src\components\ogre\ogreopcode\include\OgreOpcodeCharacterController.h" />
		<Unit filename="src\components\ogre\ogreopcode\include\OgreOpcodeDebugObject.h" />
		<Unit filename="src\components\ogre\ogreopcode\include\OgreOpcodeExports.h" />
		<Unit filename="src\components\ogre\ogreopcode\include\OgreOpcodeLine.h" />
		<Unit filename="src\components\ogre\ogreopcode\include\OgreOpcodeMath.h" />
		<Unit filename="src\components\ogre\ogreopcode\include\OgreOpcodeRay.h" />
		<Unit filename="src\components\ogre\ogreopcode\include\OgreOpcodeTerrainData.h" />
		<Unit filename="src\components\ogre\ogreopcode\include\OgreOpcodeUtils.h" />
		<Unit filename="src\components\ogre\ogreopcode\include\OgreOrientedBox.h" />
		<Unit filename="src\components\ogre\ogreopcode\include\OgrePtrCollisionShape.h" />
		<Unit filename="src\components\ogre\ogreopcode\include\OgreSphereMeshCollisionShape.h" />
		<Unit filename="src\components\ogre\ogreopcode\include\OgreTerrainCollisionShape.h" />
		<Unit filename="src\components\ogre\ogreopcode\include\OgreTriangle.h" />
		<Unit filename="src\components\ogre\ogreopcode\include\Opcode\Ice\IceAABB.h" />
		<Unit filename="src\components\ogre\ogreopcode\include\Opcode\Ice\IceAxes.h" />
		<Unit filename="src\components\ogre\ogreopcode\include\Opcode\Ice\IceBoundingSphere.h" />
		<Unit filename="src\components\ogre\ogreopcode\include\Opcode\Ice\IceContainer.h" />
		<Unit filename="src\components\ogre\ogreopcode\include\Opcode\Ice\IceFPU.h" />
		<Unit filename="src\components\ogre\ogreopcode\include\Opcode\Ice\IceHPoint.h" />
		<Unit filename="src\components\ogre\ogreopcode\include\Opcode\Ice\IceIndexedTriangle.h" />
		<Unit filename="src\components\ogre\ogreopcode\include\Opcode\Ice\IceLSS.h" />
		<Unit filename="src\components\ogre\ogreopcode\include\Opcode\Ice\IceMatrix3x3.h" />
		<Unit filename="src\components\ogre\ogreopcode\include\Opcode\Ice\IceMatrix4x4.h" />
		<Unit filename="src\components\ogre\ogreopcode\include\Opcode\Ice\IceMemoryMacros.h" />
		<Unit filename="src\components\ogre\ogreopcode\include\Opcode\Ice\IceOBB.h" />
		<Unit filename="src\components\ogre\ogreopcode\include\Opcode\Ice\IcePairs.h" />
		<Unit filename="src\components\ogre\ogreopcode\include\Opcode\Ice\IcePlane.h" />
		<Unit filename="src\components\ogre\ogreopcode\include\Opcode\Ice\IcePoint.h" />
		<Unit filename="src\components\ogre\ogreopcode\include\Opcode\Ice\IcePreprocessor.h" />
		<Unit filename="src\components\ogre\ogreopcode\include\Opcode\Ice\IceRandom.h" />
		<Unit filename="src\components\ogre\ogreopcode\include\Opcode\Ice\IceRay.h" />
		<Unit filename="src\components\ogre\ogreopcode\include\Opcode\Ice\IceRevisitedRadix.h" />
		<Unit filename="src\components\ogre\ogreopcode\include\Opcode\Ice\IceSegment.h" />
		<Unit filename="src\components\ogre\ogreopcode\include\Opcode\Ice\IceTriList.h" />
		<Unit filename="src\components\ogre\ogreopcode\include\Opcode\Ice\IceTriangle.h" />
		<Unit filename="src\components\ogre\ogreopcode\include\Opcode\Ice\IceTypes.h" />
		<Unit filename="src\components\ogre\ogreopcode\include\Opcode\Ice\IceUtils.h" />
		<Unit filename="src\components\ogre\ogreopcode\include\Opcode\OPC_AABBCollider.h" />
		<Unit filename="src\components\ogre\ogreopcode\include\Opcode\OPC_AABBTree.h" />
		<Unit filename="src\components\ogre\ogreopcode\include\Opcode\OPC_BaseModel.h" />
		<Unit filename="src\components\ogre\ogreopcode\include\Opcode\OPC_BoxBoxOverlap.h" />
		<Unit filename="src\components\ogre\ogreopcode\include\Opcode\OPC_BoxPruning.h" />
		<Unit filename="src\components\ogre\ogreopcode\include\Opcode\OPC_Collider.h" />
		<Unit filename="src\components\ogre\ogreopcode\include\Opcode\OPC_Common.h" />
		<Unit filename="src\components\ogre\ogreopcode\include\Opcode\OPC_HybridModel.h" />
		<Unit filename="src\components\ogre\ogreopcode\include\Opcode\OPC_IceHook.h" />
		<Unit filename="src\components\ogre\ogreopcode\include\Opcode\OPC_LSSAABBOverlap.h" />
		<Unit filename="src\components\ogre\ogreopcode\include\Opcode\OPC_LSSCollider.h" />
		<Unit filename="src\components\ogre\ogreopcode\include\Opcode\OPC_LSSTriOverlap.h" />
		<Unit filename="src\components\ogre\ogreopcode\include\Opcode\OPC_MeshInterface.h" />
		<Unit filename="src\components\ogre\ogreopcode\include\Opcode\OPC_Model.h" />
		<Unit filename="src\components\ogre\ogreopcode\include\Opcode\OPC_OBBCollider.h" />
		<Unit filename="src\components\ogre\ogreopcode\include\Opcode\OPC_OptimizedTree.h" />
		<Unit filename="src\components\ogre\ogreopcode\include\Opcode\OPC_Picking.h" />
		<Unit filename="src\components\ogre\ogreopcode\include\Opcode\OPC_PlanesAABBOverlap.h" />
		<Unit filename="src\components\ogre\ogreopcode\include\Opcode\OPC_PlanesCollider.h" />
		<Unit filename="src\components\ogre\ogreopcode\include\Opcode\OPC_PlanesTriOverlap.h" />
		<Unit filename="src\components\ogre\ogreopcode\include\Opcode\OPC_RayAABBOverlap.h" />
		<Unit filename="src\components\ogre\ogreopcode\include\Opcode\OPC_RayCollider.h" />
		<Unit filename="src\components\ogre\ogreopcode\include\Opcode\OPC_RayTriOverlap.h" />
		<Unit filename="src\components\ogre\ogreopcode\include\Opcode\OPC_Settings.h" />
		<Unit filename="src\components\ogre\ogreopcode\include\Opcode\OPC_SphereAABBOverlap.h" />
		<Unit filename="src\components\ogre\ogreopcode\include\Opcode\OPC_SphereCollider.h" />
		<Unit filename="src\components\ogre\ogreopcode\include\Opcode\OPC_SphereTriOverlap.h" />
		<Unit filename="src\components\ogre\ogreopcode\include\Opcode\OPC_SweepAndPrune.h" />
		<Unit filename="src\components\ogre\ogreopcode\include\Opcode\OPC_TreeBuilders.h" />
		<Unit filename="src\components\ogre\ogreopcode\include\Opcode\OPC_TreeCollider.h" />
		<Unit filename="src\components\ogre\ogreopcode\include\Opcode\OPC_TriBoxOverlap.h" />
		<Unit filename="src\components\ogre\ogreopcode\include\Opcode\OPC_TriTriOverlap.h" />
		<Unit filename="src\components\ogre\ogreopcode\include\Opcode\OPC_TriTriOverlapGilvan.h" />
		<Unit filename="src\components\ogre\ogreopcode\include\Opcode\OPC_VolumeCollider.h" />
		<Unit filename="src\components\ogre\ogreopcode\include\Opcode\Opcode.h" />
		<Unit filename="src\components\ogre\ogreopcode\include\Opcode\Stdafx.h" />
		<Unit filename="src\components\ogre\ogreopcode\src\BP_Endpoint.cpp" />
		<Unit filename="src\components\ogre\ogreopcode\src\BP_Proxy.cpp" />
		<Unit filename="src\components\ogre\ogreopcode\src\BP_Scene.cpp" />
		<Unit filename="src\components\ogre\ogreopcode\src\IOgreCollisionShape.cpp" />
		<Unit filename="src\components\ogre\ogreopcode\src\OgreBoxCollisionShape.cpp" />
		<Unit filename="src\components\ogre\ogreopcode\src\OgreCapsule.cpp" />
		<Unit filename="src\components\ogre\ogreopcode\src\OgreCollisionContext.cpp" />
		<Unit filename="src\components\ogre\ogreopcode\src\OgreCollisionManager.cpp" />
		<Unit filename="src\components\ogre\ogreopcode\src\OgreCollisionObject.cpp" />
		<Unit filename="src\components\ogre\ogreopcode\src\OgreEntityCollisionShape.cpp" />
		<Unit filename="src\components\ogre\ogreopcode\src\OgreMeshCollisionShape.cpp" />
		<Unit filename="src\components\ogre\ogreopcode\src\OgreOpcodeCharacterController.cpp" />
		<Unit filename="src\components\ogre\ogreopcode\src\OgreOpcodeDebugObject.cpp" />
		<Unit filename="src\components\ogre\ogreopcode\src\OgreOpcodeLine.cpp" />
		<Unit filename="src\components\ogre\ogreopcode\src\OgreOpcodeMath.cpp" />
		<Unit filename="src\components\ogre\ogreopcode\src\OgreOpcodeRay.cpp" />
		<Unit filename="src\components\ogre\ogreopcode\src\OgreOpcodeTerrainData.cpp" />
		<Unit filename="src\components\ogre\ogreopcode\src\OgreOrientedBox.cpp" />
		<Unit filename="src\components\ogre\ogreopcode\src\OgrePtrCollisionShape.cpp" />
		<Unit filename="src\components\ogre\ogreopcode\src\OgreSphereMeshCollisionShape.cpp" />
		<Unit filename="src\components\ogre\ogreopcode\src\OgreTerrainCollisionShape.cpp" />
		<Unit filename="src\components\ogre\ogreopcode\src\OgreTriangle.cpp" />
		<Unit filename="src\components\ogre\ogreopcode\src\Opcode\Ice\IceAABB.cpp" />
		<Unit filename="src\components\ogre\ogreopcode\src\Opcode\Ice\IceContainer.cpp" />
		<Unit filename="src\components\ogre\ogreopcode\src\Opcode\Ice\IceHPoint.cpp" />
		<Unit filename="src\components\ogre\ogreopcode\src\Opcode\Ice\IceIndexedTriangle.cpp" />
		<Unit filename="src\components\ogre\ogreopcode\src\Opcode\Ice\IceMatrix3x3.cpp" />
		<Unit filename="src\components\ogre\ogreopcode\src\Opcode\Ice\IceMatrix4x4.cpp" />
		<Unit filename="src\components\ogre\ogreopcode\src\Opcode\Ice\IceOBB.cpp" />
		<Unit filename="src\components\ogre\ogreopcode\src\Opcode\Ice\IcePlane.cpp" />
		<Unit filename="src\components\ogre\ogreopcode\src\Opcode\Ice\IcePoint.cpp" />
		<Unit filename="src\components\ogre\ogreopcode\src\Opcode\Ice\IceRandom.cpp" />
		<Unit filename="src\components\ogre\ogreopcode\src\Opcode\Ice\IceRay.cpp" />
		<Unit filename="src\components\ogre\ogreopcode\src\Opcode\Ice\IceRevisitedRadix.cpp" />
		<Unit filename="src\components\ogre\ogreopcode\src\Opcode\Ice\IceSegment.cpp" />
		<Unit filename="src\components\ogre\ogreopcode\src\Opcode\Ice\IceTriangle.cpp" />
		<Unit filename="src\components\ogre\ogreopcode\src\Opcode\Ice\IceUtils.cpp" />
		<Unit filename="src\components\ogre\ogreopcode\src\Opcode\OPC_AABBCollider.cpp" />
		<Unit filename="src\components\ogre\ogreopcode\src\Opcode\OPC_AABBTree.cpp" />
		<Unit filename="src\components\ogre\ogreopcode\src\Opcode\OPC_BaseModel.cpp" />
		<Unit filename="src\components\ogre\ogreopcode\src\Opcode\OPC_BoxPruning.cpp" />
		<Unit filename="src\components\ogre\ogreopcode\src\Opcode\OPC_Collider.cpp" />
		<Unit filename="src\components\ogre\ogreopcode\src\Opcode\OPC_Common.cpp" />
		<Unit filename="src\components\ogre\ogreopcode\src\Opcode\OPC_HybridModel.cpp" />
		<Unit filename="src\components\ogre\ogreopcode\src\Opcode\OPC_LSSCollider.cpp" />
		<Unit filename="src\components\ogre\ogreopcode\src\Opcode\OPC_MeshInterface.cpp" />
		<Unit filename="src\components\ogre\ogreopcode\src\Opcode\OPC_Model.cpp" />
		<Unit filename="src\components\ogre\ogreopcode\src\Opcode\OPC_OBBCollider.cpp" />
		<Unit filename="src\components\ogre\ogreopcode\src\Opcode\OPC_OptimizedTree.cpp" />
		<Unit filename="src\components\ogre\ogreopcode\src\Opcode\OPC_Picking.cpp" />
		<Unit filename="src\components\ogre\ogreopcode\src\Opcode\OPC_PlanesCollider.cpp" />
		<Unit filename="src\components\ogre\ogreopcode\src\Opcode\OPC_RayCollider.cpp" />
		<Unit filename="src\components\ogre\ogreopcode\src\Opcode\OPC_SphereCollider.cpp" />
		<Unit filename="src\components\ogre\ogreopcode\src\Opcode\OPC_SweepAndPrune.cpp" />
		<Unit filename="src\components\ogre\ogreopcode\src\Opcode\OPC_TreeBuilders.cpp" />
		<Unit filename="src\components\ogre\ogreopcode\src\Opcode\OPC_TreeCollider.cpp" />
		<Unit filename="src\components\ogre\ogreopcode\src\Opcode\OPC_VolumeCollider.cpp" />
		<Unit filename="src\components\ogre\ogreopcode\src\Opcode\Opcode.cpp" />
		<Unit filename="src\components\ogre\ogreopcode\src\Opcode\StdAfx.cpp" />
		<Unit filename="src\components\ogre\scripting\LuaHelper.cpp" />
		<Unit filename="src\components\ogre\scripting\LuaHelper.h" />
		<Unit filename="src\components\ogre\scripting\LuaScriptingProvider.cpp" />
		<Unit filename="src\components\ogre\scripting\LuaScriptingProvider.h" />
		<Unit filename="src\components\ogre\scripting\bindings\lua\helpers\LuaConnector.cpp" />
		<Unit filename="src\components\ogre\scripting\bindings\lua\helpers\LuaConnector.h" />
		<Unit filename="src\components\ogre\scripting\bindings\lua\helpers\LuaConnectorHelper.cpp" />
		<Unit filename="src\components\ogre\scripting\bindings\lua\helpers\LuaConnectorHelper.h" />
		<Unit filename="src\components\ogre\scripting\bindings\lua\helpers\LuaConsoleObject.cpp" />
		<Unit filename="src\components\ogre\scripting\bindings\lua\helpers\LuaConsoleObject.h" />
		<Unit filename="src\components\ogre\scripting\bindings\lua\helpers\OgreUtils.cpp" />
		<Unit filename="src\components\ogre\scripting\bindings\lua\helpers\OgreUtils.h" />
		<Unit filename="src\components\ogre\scripting\bindings\lua\helpers\lua_Helpers.cpp" />
		<Unit filename="src\components\ogre\scripting\bindings\lua\helpers\required.h" />
		<Unit filename="src\components\ogre\scripting\bindings\lua\lua_EmberOgre.cpp" />
		<Unit filename="src\components\ogre\scripting\bindings\lua\ogre\lua_Ogre.cpp" />
		<Unit filename="src\components\ogre\scripting\bindings\lua\ogre\required.h" />
		<Unit filename="src\components\ogre\scripting\bindings\lua\required.h" />
		<Unit filename="src\components\ogre\sound\OgreSoundProvider.cpp" />
		<Unit filename="src\components\ogre\sound\OgreSoundProvider.h" />
		<Unit filename="src\components\ogre\terrain\ISceneManagerAdapter.h" />
		<Unit filename="src\components\ogre\terrain\Map.cpp" />
		<Unit filename="src\components\ogre\terrain\Map.h" />
		<Unit filename="src\components\ogre\terrain\TerrainArea.cpp" />
		<Unit filename="src\components\ogre\terrain\TerrainArea.h" />
		<Unit filename="src\components\ogre\terrain\TerrainEditor.cpp" />
		<Unit filename="src\components\ogre\terrain\TerrainEditor.h" />
		<Unit filename="src\components\ogre\terrain\TerrainGenerator.cpp" />
		<Unit filename="src\components\ogre\terrain\TerrainGenerator.h" />
		<Unit filename="src\components\ogre\terrain\TerrainInfo.cpp" />
		<Unit filename="src\components\ogre\terrain\TerrainInfo.h" />
		<Unit filename="src\components\ogre\terrain\TerrainLayerDefinition.cpp" />
		<Unit filename="src\components\ogre\terrain\TerrainLayerDefinition.h" />
		<Unit filename="src\components\ogre\terrain\TerrainLayerDefinitionManager.cpp" />
		<Unit filename="src\components\ogre\terrain\TerrainLayerDefinitionManager.h" />
		<Unit filename="src\components\ogre\terrain\TerrainPage.cpp" />
		<Unit filename="src\components\ogre\terrain\TerrainPage.h" />
		<Unit filename="src\components\ogre\terrain\TerrainPageFoliage.cpp" />
		<Unit filename="src\components\ogre\terrain\TerrainPageFoliage.h" />
		<Unit filename="src\components\ogre\terrain\TerrainPageGeometry.cpp" />
		<Unit filename="src\components\ogre\terrain\TerrainPageGeometry.h" />
		<Unit filename="src\components\ogre\terrain\TerrainPageShadow.cpp" />
		<Unit filename="src\components\ogre\terrain\TerrainPageShadow.h" />
		<Unit filename="src\components\ogre\terrain\TerrainPageSurface.cpp" />
		<Unit filename="src\components\ogre\terrain\TerrainPageSurface.h" />
		<Unit filename="src\components\ogre\terrain\TerrainPageSurfaceCompiler.cpp" />
		<Unit filename="src\components\ogre\terrain\TerrainPageSurfaceCompiler.h" />
		<Unit filename="src\components\ogre\terrain\TerrainPageSurfaceCompilerTechniqueShader.cpp" />
		<Unit filename="src\components\ogre\terrain\TerrainPageSurfaceCompilerTechniqueShader.h" />
		<Unit filename="src\components\ogre\terrain\TerrainPageSurfaceCompilerTechniqueSimple.cpp" />
		<Unit filename="src\components\ogre\terrain\TerrainPageSurfaceCompilerTechniqueSimple.h" />
		<Unit filename="src\components\ogre\terrain\TerrainPageSurfaceLayer.cpp" />
		<Unit filename="src\components\ogre\terrain\TerrainPageSurfaceLayer.h" />
		<Unit filename="src\components\ogre\terrain\TerrainShader.cpp" />
		<Unit filename="src\components\ogre\terrain\TerrainShader.h" />
		<Unit filename="src\components\ogre\terrain\XMLLayerDefinitionSerializer.cpp" />
		<Unit filename="src\components\ogre\terrain\XMLLayerDefinitionSerializer.h" />
		<Unit filename="src\components\ogre\widgets\AssetsManager.cpp" />
		<Unit filename="src\components\ogre\widgets\AssetsManager.h" />
		<Unit filename="src\components\ogre\widgets\ColouredListItem.cpp" />
		<Unit filename="src\components\ogre\widgets\ColouredListItem.h" />
		<Unit filename="src\components\ogre\widgets\Compass.cpp" />
		<Unit filename="src\components\ogre\widgets\Compass.h" />
		<Unit filename="src\components\ogre\widgets\ConsoleAdapter.cpp" />
		<Unit filename="src\components\ogre\widgets\ConsoleAdapter.h" />
		<Unit filename="src\components\ogre\widgets\EntityCEGUITexture.cpp" />
		<Unit filename="src\components\ogre\widgets\EntityCEGUITexture.h" />
		<Unit filename="src\components\ogre\widgets\EntityEditor.cpp" />
		<Unit filename="src\components\ogre\widgets\EntityEditor.h" />
		<Unit filename="src\components\ogre\widgets\EntityIcon.cpp" />
		<Unit filename="src\components\ogre\widgets\EntityIcon.h" />
		<Unit filename="src\components\ogre\widgets\EntityIconDragDropTarget.cpp" />
		<Unit filename="src\components\ogre\widgets\EntityIconDragDropTarget.h" />
		<Unit filename="src\components\ogre\widgets\EntityIconManager.cpp" />
		<Unit filename="src\components\ogre\widgets\EntityIconManager.h" />
		<Unit filename="src\components\ogre\widgets\EntityIconSlot.cpp" />
		<Unit filename="src\components\ogre\widgets\EntityIconSlot.h" />
		<Unit filename="src\components\ogre\widgets\Help.cpp" />
		<Unit filename="src\components\ogre\widgets\Help.h" />
		<Unit filename="src\components\ogre\widgets\IconBar.cpp" />
		<Unit filename="src\components\ogre\widgets\IconBar.h" />
		<Unit filename="src\components\ogre\widgets\IconBase.cpp" />
		<Unit filename="src\components\ogre\widgets\IconBase.h" />
		<Unit filename="src\components\ogre\widgets\IngameChatWidget.cpp" />
		<Unit filename="src\components\ogre\widgets\IngameChatWidget.h" />
		<Unit filename="src\components\ogre\widgets\InspectWidget.cpp" />
		<Unit filename="src\components\ogre\widgets\InspectWidget.h" />
		<Unit filename="src\components\ogre\widgets\JesusEdit.cpp" />
		<Unit filename="src\components\ogre\widgets\JesusEdit.h" />
		<Unit filename="src\components\ogre\widgets\ListHolder.cpp" />
		<Unit filename="src\components\ogre\widgets\ListHolder.h" />
		<Unit filename="src\components\ogre\widgets\LoadingBar.cpp" />
		<Unit filename="src\components\ogre\widgets\LoadingBar.h" />
		<Unit filename="src\components\ogre\widgets\MakeEntityWidget.cpp" />
		<Unit filename="src\components\ogre\widgets\MakeEntityWidget.h" />
		<Unit filename="src\components\ogre\widgets\MeshPreview.cpp" />
		<Unit filename="src\components\ogre\widgets\MeshPreview.h" />
		<Unit filename="src\components\ogre\widgets\ModelRenderer.cpp" />
		<Unit filename="src\components\ogre\widgets\ModelRenderer.h" />
		<Unit filename="src\components\ogre\widgets\MovableObjectRenderer.cpp" />
		<Unit filename="src\components\ogre\widgets\MovableObjectRenderer.h" />
		<Unit filename="src\components\ogre\widgets\OgreEntityRenderer.cpp" />
		<Unit filename="src\components\ogre\widgets\OgreEntityRenderer.h" />
		<Unit filename="src\components\ogre\widgets\QuaternionAdapter.cpp" />
		<Unit filename="src\components\ogre\widgets\QuaternionAdapter.h" />
		<Unit filename="src\components\ogre\widgets\Quit.cpp" />
		<Unit filename="src\components\ogre\widgets\Quit.h" />
		<Unit filename="src\components\ogre\widgets\ServerWidget.cpp" />
		<Unit filename="src\components\ogre\widgets\ServerWidget.h" />
		<Unit filename="src\components\ogre\widgets\StackableContainer.cpp" />
		<Unit filename="src\components\ogre\widgets\StackableContainer.h" />
		<Unit filename="src\components\ogre\widgets\StatusIconBar.h" />
		<Unit filename="src\components\ogre\widgets\Vector3Adapter.cpp" />
		<Unit filename="src\components\ogre\widgets\Vector3Adapter.h" />
		<Unit filename="src\components\ogre\widgets\Widget.cpp" />
		<Unit filename="src\components\ogre\widgets\Widget.h" />
		<Unit filename="src\components\ogre\widgets\WidgetDefinitions.cpp" />
		<Unit filename="src\components\ogre\widgets\WidgetDefinitions.h" />
		<Unit filename="src\components\ogre\widgets\WidgetPool.cpp" />
		<Unit filename="src\components\ogre\widgets\WidgetPool.h" />
		<Unit filename="src\components\ogre\widgets\adapters\atlas\AdapterBase.cpp" />
		<Unit filename="src\components\ogre\widgets\adapters\atlas\AdapterBase.h" />
		<Unit filename="src\components\ogre\widgets\adapters\atlas\AdapterFactory.cpp" />
		<Unit filename="src\components\ogre\widgets\adapters\atlas\AdapterFactory.h" />
		<Unit filename="src\components\ogre\widgets\adapters\atlas\CustomAdapter.cpp" />
		<Unit filename="src\components\ogre\widgets\adapters\atlas\CustomAdapter.h" />
		<Unit filename="src\components\ogre\widgets\adapters\atlas\ListAdapter.cpp" />
		<Unit filename="src\components\ogre\widgets\adapters\atlas\ListAdapter.h" />
		<Unit filename="src\components\ogre\widgets\adapters\atlas\MapAdapter.cpp" />
		<Unit filename="src\components\ogre\widgets\adapters\atlas\MapAdapter.h" />
		<Unit filename="src\components\ogre\widgets\adapters\atlas\NumberAdapter.cpp" />
		<Unit filename="src\components\ogre\widgets\adapters\atlas\NumberAdapter.h" />
		<Unit filename="src\components\ogre\widgets\adapters\atlas\OrientationAdapter.cpp" />
		<Unit filename="src\components\ogre\widgets\adapters\atlas\OrientationAdapter.h" />
		<Unit filename="src\components\ogre\widgets\adapters\atlas\Position2DAdapter.cpp" />
		<Unit filename="src\components\ogre\widgets\adapters\atlas\Position2DAdapter.h" />
		<Unit filename="src\components\ogre\widgets\adapters\atlas\PositionAdapter.cpp" />
		<Unit filename="src\components\ogre\widgets\adapters\atlas\PositionAdapter.h" />
		<Unit filename="src\components\ogre\widgets\adapters\atlas\SizeAdapter.cpp" />
		<Unit filename="src\components\ogre\widgets\adapters\atlas\SizeAdapter.h" />
		<Unit filename="src\components\ogre\widgets\adapters\atlas\StaticAdapter.cpp" />
		<Unit filename="src\components\ogre\widgets\adapters\atlas\StaticAdapter.h" />
		<Unit filename="src\components\ogre\widgets\adapters\atlas\StringAdapter.cpp" />
		<Unit filename="src\components\ogre\widgets\adapters\atlas\StringAdapter.h" />
		<Unit filename="src\components\ogre\widgets\adapters\atlas\bindings\lua\bindings.cpp" />
		<Unit filename="src\components\ogre\widgets\icons\Icon.cpp" />
		<Unit filename="src\components\ogre\widgets\icons\Icon.h" />
		<Unit filename="src\components\ogre\widgets\icons\IconImageStore.cpp" />
		<Unit filename="src\components\ogre\widgets\icons\IconImageStore.h" />
		<Unit filename="src\components\ogre\widgets\icons\IconManager.cpp" />
		<Unit filename="src\components\ogre\widgets\icons\IconManager.h" />
		<Unit filename="src\components\ogre\widgets\icons\IconRenderer.cpp" />
		<Unit filename="src\components\ogre\widgets\icons\IconRenderer.h" />
		<Unit filename="src\components\ogre\widgets\icons\IconStore.cpp" />
		<Unit filename="src\components\ogre\widgets\icons\IconStore.h" />
		<Unit filename="src\framework\ConsoleBackend.cpp" />
		<Unit filename="src\framework\ConsoleBackend.h" />
		<Unit filename="src\framework\ConsoleCommandWrapper.cpp" />
		<Unit filename="src\framework\ConsoleCommandWrapper.h" />
		<Unit filename="src\framework\ConsoleObject.h" />
		<Unit filename="src\framework\Exception.cpp" />
		<Unit filename="src\framework\Exception.h" />
		<Unit filename="src\framework\IGameView.h" />
		<Unit filename="src\framework\IResourceProvider.h" />
		<Unit filename="src\framework\IScriptingProvider.h" />
		<Unit filename="src\framework\ISoundProvider.h" />
		<Unit filename="src\framework\Service.h" />
		<Unit filename="src\framework\ServiceManager.h" />
		<Unit filename="src\framework\Singleton.h" />
		<Unit filename="src\framework\StreamLogObserver.cpp" />
		<Unit filename="src\framework\StreamLogObserver.h" />
		<Unit filename="src\framework\Tokeniser.cpp" />
		<Unit filename="src\framework\Tokeniser.h" />
		<Unit filename="src\framework\bindings\lua\atlas\lua_Atlas.cpp" />
		<Unit filename="src\framework\bindings\lua\atlas\required.h" />
		<Unit filename="src\framework\bindings\lua\eris\lua_Eris.cpp" />
		<Unit filename="src\framework\bindings\lua\eris\required.h" />
		<Unit filename="src\framework\bindings\lua\lua_Framework.cpp" />
		<Unit filename="src\framework\bindings\lua\required.h" />
		<Unit filename="src\framework\binreloc.c">
			<Option compilerVar="CC" />
		</Unit>
		<Unit filename="src\framework\binreloc.h" />
		<Unit filename="src\framework\float_cast.h" />
		<Unit filename="src\framework\osdir.h" />
		<Unit filename="src\framework\scrap.c">
			<Option compilerVar="CC" />
		</Unit>
		<Unit filename="src\framework\scrap.h" />
		<Unit filename="src\framework\tinyxml\tinystr.cpp" />
		<Unit filename="src\framework\tinyxml\tinystr.h" />
		<Unit filename="src\framework\tinyxml\tinyxml.cpp" />
		<Unit filename="src\framework\tinyxml\tinyxml.h" />
		<Unit filename="src\framework\tinyxml\tinyxmlerror.cpp" />
		<Unit filename="src\framework\tinyxml\tinyxmlparser.cpp" />
		<Unit filename="src\main\Application.cpp" />
		<Unit filename="src\main\Application.h" />
		<Unit filename="src\main\Ember.cpp" />
		<Unit filename="src\main\LogObserver.cpp" />
		<Unit filename="src\main\LogObserver.h" />
		<Unit filename="src\main\bindings\lua\lua_Main.cpp" />
		<Unit filename="src\main\bindings\lua\required.h" />
		<Unit filename="src\services\EmberServices.cpp" />
		<Unit filename="src\services\EmberServices.h" />
		<Unit filename="src\services\bindings\lua\lua_EmberServices.cpp" />
		<Unit filename="src\services\bindings\lua\required.h" />
		<Unit filename="src\services\config\ConfigListener.cpp" />
		<Unit filename="src\services\config\ConfigListener.h" />
		<Unit filename="src\services\config\ConfigService.cpp" />
		<Unit filename="src\services\config\ConfigService.h" />
		<Unit filename="src\services\logging\ErisLogReciever.cpp" />
		<Unit filename="src\services\logging\ErisLogReciever.h" />
		<Unit filename="src\services\logging\LoggingService.cpp" />
		<Unit filename="src\services\logging\LoggingService.h" />
		<Unit filename="src\services\metaserver\MetaserverService.cpp" />
		<Unit filename="src\services\metaserver\MetaserverService.h" />
		<Unit filename="src\services\scripting\ScriptingService.cpp" />
		<Unit filename="src\services\scripting\ScriptingService.h" />
		<Unit filename="src\services\server\ConnectedAdapter.cpp" />
		<Unit filename="src\services\server\ConnectedAdapter.h" />
		<Unit filename="src\services\server\IServerAdapter.h" />
		<Unit filename="src\services\server\NonConnectedAdapter.cpp" />
		<Unit filename="src\services\server\NonConnectedAdapter.h" />
		<Unit filename="src\services\server\OOGChat.cpp" />
		<Unit filename="src\services\server\OOGChat.h" />
		<Unit filename="src\services\server\ServerService.cpp" />
		<Unit filename="src\services\server\ServerService.h" />
		<Unit filename="src\services\sound\SoundService.cpp" />
		<Unit filename="src\services\sound\SoundService.h" />
		<Unit filename="src\services\time\TimeImpl.cpp" />
		<Unit filename="src\services\time\TimeImpl.h" />
		<Unit filename="src\services\time\TimeService.cpp" />
		<Unit filename="src\services\time\TimeService.h" />
		<Unit filename="src\services\wfut\WfutService.cpp" />
		<Unit filename="src\services\wfut\WfutService.h" />
		<Unit filename="src\services\wfut\WfutSession.cpp" />
		<Unit filename="src\services\wfut\WfutSession.h" />
		<Extensions>
			<code_completion />
			<envvars />
			<debugger />
			<lib_finder />
		</Extensions>
	</Project>
</CodeBlocks_project_file>
